
Microsoft Visual Studio Solution File, Format Version 10.00
# Visual Studio 2008
Project("{FAE04EC0-301F-11D3-BF4B-00C04F79EFBC}") = "Hammock", "Hammock\Hammock.csproj", "{6679078A-C585-4CB6-96E9-908DBDAA2716}"
EndProject
Project("{FAE04EC0-301F-11D3-BF4B-00C04F79EFBC}") = "Hammock.Tests", "Hammock.Tests\Hammock.Tests.csproj", "{60085D62-A073-49CB-B026-B4D4C15ECF61}"
EndProject
Project("{FAE04EC0-301F-11D3-BF4B-00C04F79EFBC}") = "Hammock.Silverlight", "Hammock.Silverlight\Hammock.Silverlight.csproj", "{E0461346-CB62-489E-9893-CFEA249F8380}"
EndProject
Project("{FAE04EC0-301F-11D3-BF4B-00C04F79EFBC}") = "Hammock.Compact", "Hammock.Compact\Hammock.Compact.csproj", "{1D74B8C0-E0CB-4B6A-83A5-BC123F98EC6C}"
EndProject
Project("{2150E333-8FDC-42A3-9474-1A3956D46DE8}") = "Documentation", "Documentation", "{3A86F2B4-793D-429A-ACB6-69418AB5FCB9}"
EndProject
Project("{FAE04EC0-301F-11D3-BF4B-00C04F79EFBC}") = "Hammock.Extras", "Hammock.Extras\Hammock.Extras.csproj", "{3BB0DC97-ECE3-4AC8-B2D0-E4C14D600179}"
EndProject
Project("{2150E333-8FDC-42A3-9474-1A3956D46DE8}") = "Build", "Build", "{D3CCC041-59CC-438B-9781-78F1F1D7272E}"
	ProjectSection(SolutionItems) = preProject
		BuildWindowsAndRunTests.proj = BuildWindowsAndRunTests.proj
	EndProjectSection
EndProject
Project("{2150E333-8FDC-42A3-9474-1A3956D46DE8}") = "SharpZipLib", "SharpZipLib", "{0D6CBA8E-3846-4559-AA4E-AEE3373A03CB}"
EndProject
Project("{FAE04EC0-301F-11D3-BF4B-00C04F79EFBC}") = "ICSharpCode.SharpZipLib.Silverlight.Tests", "ICSharpCode.SharpZipLib.Silverlight.Tests\ICSharpCode.SharpZipLib.Silverlight.Tests.csproj", "{C0B2D801-2435-4233-A823-66F6341CC73B}"
EndProject
Project("{FAE04EC0-301F-11D3-BF4B-00C04F79EFBC}") = "ICSharpCode.SharpZipLib.Silverlight", "ICSharpCode.SharpZipLib.Silverlight\ICSharpCode.SharpZipLib.Silverlight.csproj", "{2E420750-6124-473B-808D-41755C907648}"
EndProject
Project("{FAE04EC0-301F-11D3-BF4B-00C04F79EFBC}") = "Hammock.Silverlight.Tests", "Hammock.Silverlight.Tests\Hammock.Silverlight.Tests.csproj", "{4F57A893-4E4B-4B94-B049-A6F422207AFF}"
EndProject
Project("{2150E333-8FDC-42A3-9474-1A3956D46DE8}") = "Tests", "Tests", "{E441403C-33CA-4175-B119-1C77EBAEBFC1}"
EndProject
Global
	GlobalSection(SolutionConfigurationPlatforms) = preSolution
		Debug|Any CPU = Debug|Any CPU
		Mono|Any CPU = Mono|Any CPU
		Release|Any CPU = Release|Any CPU
	EndGlobalSection
	GlobalSection(ProjectConfigurationPlatforms) = postSolution
		{6679078A-C585-4CB6-96E9-908DBDAA2716}.Debug|Any CPU.ActiveCfg = Debug|Any CPU
		{6679078A-C585-4CB6-96E9-908DBDAA2716}.Debug|Any CPU.Build.0 = Debug|Any CPU
		{6679078A-C585-4CB6-96E9-908DBDAA2716}.Mono|Any CPU.ActiveCfg = Mono|Any CPU
		{6679078A-C585-4CB6-96E9-908DBDAA2716}.Mono|Any CPU.Build.0 = Mono|Any CPU
		{6679078A-C585-4CB6-96E9-908DBDAA2716}.Release|Any CPU.ActiveCfg = Release|Any CPU
		{6679078A-C585-4CB6-96E9-908DBDAA2716}.Release|Any CPU.Build.0 = Release|Any CPU
		{60085D62-A073-49CB-B026-B4D4C15ECF61}.Debug|Any CPU.ActiveCfg = Debug|Any CPU
		{60085D62-A073-49CB-B026-B4D4C15ECF61}.Debug|Any CPU.Build.0 = Debug|Any CPU
		{60085D62-A073-49CB-B026-B4D4C15ECF61}.Mono|Any CPU.ActiveCfg = Mono|Any CPU
		{60085D62-A073-49CB-B026-B4D4C15ECF61}.Mono|Any CPU.Build.0 = Mono|Any CPU
		{60085D62-A073-49CB-B026-B4D4C15ECF61}.Release|Any CPU.ActiveCfg = Release|Any CPU
		{60085D62-A073-49CB-B026-B4D4C15ECF61}.Release|Any CPU.Build.0 = Release|Any CPU
		{E0461346-CB62-489E-9893-CFEA249F8380}.Debug|Any CPU.ActiveCfg = Debug|Any CPU
		{E0461346-CB62-489E-9893-CFEA249F8380}.Debug|Any CPU.Build.0 = Debug|Any CPU
		{E0461346-CB62-489E-9893-CFEA249F8380}.Mono|Any CPU.ActiveCfg = Mono|Any CPU
		{E0461346-CB62-489E-9893-CFEA249F8380}.Mono|Any CPU.Build.0 = Mono|Any CPU
		{E0461346-CB62-489E-9893-CFEA249F8380}.Release|Any CPU.ActiveCfg = Release|Any CPU
		{E0461346-CB62-489E-9893-CFEA249F8380}.Release|Any CPU.Build.0 = Release|Any CPU
		{1D74B8C0-E0CB-4B6A-83A5-BC123F98EC6C}.Debug|Any CPU.ActiveCfg = Debug|Any CPU
		{1D74B8C0-E0CB-4B6A-83A5-BC123F98EC6C}.Debug|Any CPU.Build.0 = Debug|Any CPU
		{1D74B8C0-E0CB-4B6A-83A5-BC123F98EC6C}.Mono|Any CPU.ActiveCfg = Mono|Any CPU
		{1D74B8C0-E0CB-4B6A-83A5-BC123F98EC6C}.Mono|Any CPU.Build.0 = Mono|Any CPU
		{1D74B8C0-E0CB-4B6A-83A5-BC123F98EC6C}.Release|Any CPU.ActiveCfg = Release|Any CPU
		{1D74B8C0-E0CB-4B6A-83A5-BC123F98EC6C}.Release|Any CPU.Build.0 = Release|Any CPU
		{3BB0DC97-ECE3-4AC8-B2D0-E4C14D600179}.Debug|Any CPU.ActiveCfg = Debug|Any CPU
		{3BB0DC97-ECE3-4AC8-B2D0-E4C14D600179}.Debug|Any CPU.Build.0 = Debug|Any CPU
		{3BB0DC97-ECE3-4AC8-B2D0-E4C14D600179}.Mono|Any CPU.ActiveCfg = Release|Any CPU
		{3BB0DC97-ECE3-4AC8-B2D0-E4C14D600179}.Mono|Any CPU.Build.0 = Release|Any CPU
		{3BB0DC97-ECE3-4AC8-B2D0-E4C14D600179}.Release|Any CPU.ActiveCfg = Release|Any CPU
		{3BB0DC97-ECE3-4AC8-B2D0-E4C14D600179}.Release|Any CPU.Build.0 = Release|Any CPU
		{C0B2D801-2435-4233-A823-66F6341CC73B}.Debug|Any CPU.ActiveCfg = Debug|Any CPU
		{C0B2D801-2435-4233-A823-66F6341CC73B}.Debug|Any CPU.Build.0 = Debug|Any CPU
		{C0B2D801-2435-4233-A823-66F6341CC73B}.Mono|Any CPU.ActiveCfg = Release|Any CPU
		{C0B2D801-2435-4233-A823-66F6341CC73B}.Mono|Any CPU.Build.0 = Release|Any CPU
		{C0B2D801-2435-4233-A823-66F6341CC73B}.Release|Any CPU.ActiveCfg = Release|Any CPU
		{C0B2D801-2435-4233-A823-66F6341CC73B}.Release|Any CPU.Build.0 = Release|Any CPU
		{2E420750-6124-473B-808D-41755C907648}.Debug|Any CPU.ActiveCfg = Debug|Any CPU
		{2E420750-6124-473B-808D-41755C907648}.Debug|Any CPU.Build.0 = Debug|Any CPU
		{2E420750-6124-473B-808D-41755C907648}.Mono|Any CPU.ActiveCfg = Release|Any CPU
		{2E420750-6124-473B-808D-41755C907648}.Mono|Any CPU.Build.0 = Release|Any CPU
		{2E420750-6124-473B-808D-41755C907648}.Release|Any CPU.ActiveCfg = Release|Any CPU
		{2E420750-6124-473B-808D-41755C907648}.Release|Any CPU.Build.0 = Release|Any CPU
		{4F57A893-4E4B-4B94-B049-A6F422207AFF}.Debug|Any CPU.ActiveCfg = Debug|Any CPU
		{4F57A893-4E4B-4B94-B049-A6F422207AFF}.Debug|Any CPU.Build.0 = Debug|Any CPU
		{4F57A893-4E4B-4B94-B049-A6F422207AFF}.Mono|Any CPU.ActiveCfg = Release|Any CPU
		{4F57A893-4E4B-4B94-B049-A6F422207AFF}.Mono|Any CPU.Build.0 = Release|Any CPU
		{4F57A893-4E4B-4B94-B049-A6F422207AFF}.Release|Any CPU.ActiveCfg = Release|Any CPU
		{4F57A893-4E4B-4B94-B049-A6F422207AFF}.Release|Any CPU.Build.0 = Release|Any CPU
	EndGlobalSection
	GlobalSection(SolutionProperties) = preSolution
		HideSolutionNode = FALSE
	EndGlobalSection
	GlobalSection(NestedProjects) = preSolution
		{4F57A893-4E4B-4B94-B049-A6F422207AFF} = {E441403C-33CA-4175-B119-1C77EBAEBFC1}
		{60085D62-A073-49CB-B026-B4D4C15ECF61} = {E441403C-33CA-4175-B119-1C77EBAEBFC1}
		{C0B2D801-2435-4233-A823-66F6341CC73B} = {0D6CBA8E-3846-4559-AA4E-AEE3373A03CB}
		{2E420750-6124-473B-808D-41755C907648} = {0D6CBA8E-3846-4559-AA4E-AEE3373A03CB}
	EndGlobalSection
EndGlobal
