
Microsoft Visual Studio Solution File, Format Version 11.00
# Visual Studio 2010
Project("{2150E333-8FDC-42A3-9474-1A3956D46DE8}") = "SharpZipLib", "SharpZipLib", "{0D6CBA8E-3846-4559-AA4E-AEE3373A03CB}"
EndProject
Project("{FAE04EC0-301F-11D3-BF4B-00C04F79EFBC}") = "Hammock", "net35\Hammock\Hammock.csproj", "{6679078A-C585-4CB6-96E9-908DBDAA2716}"
EndProject
Project("{FAE04EC0-301F-11D3-BF4B-00C04F79EFBC}") = "Hammock.Silverlight", "net35\Hammock.Silverlight\Hammock.Silverlight.csproj", "{E0461346-CB62-489E-9893-CFEA249F8380}"
EndProject
Project("{FAE04EC0-301F-11D3-BF4B-00C04F79EFBC}") = "Hammock.Extras", "net35\Hammock.Extras\Hammock.Extras.csproj", "{3BB0DC97-ECE3-4AC8-B2D0-E4C14D600179}"
EndProject
Project("{FAE04EC0-301F-11D3-BF4B-00C04F79EFBC}") = "ICSharpCode.SharpZipLib.Silverlight", "net35\ICSharpCode.SharpZipLib.Silverlight\ICSharpCode.SharpZipLib.Silverlight.csproj", "{2E420750-6124-473B-808D-41755C907648}"
EndProject
Project("{2150E333-8FDC-42A3-9474-1A3956D46DE8}") = ".NET 3.5", ".NET 3.5", "{0F12EB19-73E5-4F38-BEF2-070C625508B7}"
EndProject
Project("{2150E333-8FDC-42A3-9474-1A3956D46DE8}") = ".NET 4.0", ".NET 4.0", "{3FB92FF7-A9F8-4F15-864B-69E7EBC3E16B}"
EndProject
Project("{FAE04EC0-301F-11D3-BF4B-00C04F79EFBC}") = "Hammock", "net40\Hammock\Hammock.csproj", "{CD569558-9092-466B-8670-EA1B151150E0}"
EndProject
Project("{FAE04EC0-301F-11D3-BF4B-00C04F79EFBC}") = "Hammock.ClientProfile", "net40\Hammock.ClientProfile\Hammock.ClientProfile.csproj", "{487B7E3C-9689-47BC-8785-73CCD92A3749}"
EndProject
Project("{FAE04EC0-301F-11D3-BF4B-00C04F79EFBC}") = "Hammock.Extras", "net40\Hammock.Extras\Hammock.Extras.csproj", "{7465B7B5-3E20-4EA2-8785-BDE71CAFB59D}"
EndProject
Project("{FAE04EC0-301F-11D3-BF4B-00C04F79EFBC}") = "Hammock.Silverlight", "net40\Hammock.Silverlight\Hammock.Silverlight.csproj", "{46AFFE9E-B0DF-4DE9-A1A3-1773E08DCB51}"
EndProject
Project("{FAE04EC0-301F-11D3-BF4B-00C04F79EFBC}") = "ICSharpCode.SharpZipLib.Silverlight", "net40\ICSharpCode.SharpZipLib.Silverlight\ICSharpCode.SharpZipLib.Silverlight.csproj", "{5953279F-F478-4D5F-9906-03D56CE2DA2D}"
EndProject
Project("{FAE04EC0-301F-11D3-BF4B-00C04F79EFBC}") = "ICSharpCode.SharpZipLib.Silverlight.Tests", "net35\ICSharpCode.SharpZipLib.Silverlight.Tests\ICSharpCode.SharpZipLib.Silverlight.Tests.csproj", "{3808F0EB-14CF-4919-87F3-97FB9D225A80}"
EndProject
Project("{2150E333-8FDC-42A3-9474-1A3956D46DE8}") = "SharpZipLib", "SharpZipLib", "{7090D3D7-90C3-4EB1-BB62-716046673F29}"
EndProject
Project("{FAE04EC0-301F-11D3-BF4B-00C04F79EFBC}") = "ICSharpCode.SharpZipLib.Silverlight.Tests", "net40\ICSharpCode.SharpZipLib.Silverlight.Tests\ICSharpCode.SharpZipLib.Silverlight.Tests.csproj", "{B96C231F-B8CA-4426-AC65-19D2826CC965}"
EndProject
Project("{FAE04EC0-301F-11D3-BF4B-00C04F79EFBC}") = "Hammock.Tests", "net35\Hammock.Tests\Hammock.Tests.csproj", "{960E427F-67E0-42A5-86ED-FC6A342CDCB2}"
EndProject
Project("{FAE04EC0-301F-11D3-BF4B-00C04F79EFBC}") = "Hammock.Tests", "net40\Hammock.Tests\Hammock.Tests.csproj", "{F9695086-8EF6-43E3-AC5F-275FE918FA3A}"
EndProject
Project("{2150E333-8FDC-42A3-9474-1A3956D46DE8}") = "Testing", "Testing", "{265F976E-7BAE-408A-82EE-1E692F5662DF}"
EndProject
Project("{2150E333-8FDC-42A3-9474-1A3956D46DE8}") = "Testing", "Testing", "{DBEBA14C-000D-464E-8CC8-CF44CAE866F4}"
EndProject
Project("{FAE04EC0-301F-11D3-BF4B-00C04F79EFBC}") = "Hammock.WindowsPhone", "net40\Hammock.WindowsPhone\Hammock.WindowsPhone.csproj", "{3059FD1C-4B4B-4460-A0D4-53C84CCE6CAC}"
EndProject
Project("{FAE04EC0-301F-11D3-BF4B-00C04F79EFBC}") = "ICSharpCode.SharpZipLib.WindowsPhone", "net40\ICSharpCode.SharpZipLib.WindowsPhone\ICSharpCode.SharpZipLib.WindowsPhone.csproj", "{BF04A546-D681-4F5A-AC41-CFC67CAEC66E}"
EndProject
Project("{FAE04EC0-301F-11D3-BF4B-00C04F79EFBC}") = "Hammock.ClientProfile", "net35\Hammock.ClientProfile\Hammock.ClientProfile.csproj", "{73015806-7BE4-4BAB-AA07-ACC719EFE85A}"
EndProject
Project("{2150E333-8FDC-42A3-9474-1A3956D46DE8}") = ".NET 2.0", ".NET 2.0", "{6052AEDE-F8B1-4E24-B791-DBB7FF9621D3}"
EndProject
Project("{FAE04EC0-301F-11D3-BF4B-00C04F79EFBC}") = "Hammock", "net20\Hammock\Hammock.csproj", "{80647B8C-E162-4E34-A758-590280F11B97}"
EndProject
Project("{2150E333-8FDC-42A3-9474-1A3956D46DE8}") = "Solution Items", "Solution Items", "{9AE58B14-D363-4A3E-B9E3-005FCBCEA7AC}"
	ProjectSection(SolutionItems) = preProject
		net35\BuildWindowsAndRunTests.proj = net35\BuildWindowsAndRunTests.proj
	EndProjectSection
EndProject
Project("{FAE04EC0-301F-11D3-BF4B-00C04F79EFBC}") = "Demo.WindowsPhone", "Demo.WindowsPhone\Demo.WindowsPhone.csproj", "{87A3613D-924C-4262-8038-261F9AD91863}"
EndProject
Project("{FAE04EC0-301F-11D3-BF4B-00C04F79EFBC}") = "Hammock.Server", "Hammock.Server\Hammock.Server.csproj", "{D75610E8-9074-4073-AECD-EF5FCE97E428}"
EndProject
Project("{FAE04EC0-301F-11D3-BF4B-00C04F79EFBC}") = "Hammock.Server.Tests", "Hammock.Server.Tests\Hammock.Server.Tests.csproj", "{50851227-5502-4F59-B821-8F474E81A2B1}"
EndProject
Project("{2150E333-8FDC-42A3-9474-1A3956D46DE8}") = "Client", "Client", "{A08E9715-A3CE-41E1-AACF-37B4961DB700}"
EndProject
Project("{2150E333-8FDC-42A3-9474-1A3956D46DE8}") = "Server", "Server", "{61197CB4-50C4-4D41-AB80-B0C27767C29E}"
EndProject
Global
	GlobalSection(SolutionConfigurationPlatforms) = preSolution
		ClientProfiles|Any CPU = ClientProfiles|Any CPU
		Debug|Any CPU = Debug|Any CPU
		Mono|Any CPU = Mono|Any CPU
		Release|Any CPU = Release|Any CPU
	EndGlobalSection
	GlobalSection(ProjectConfigurationPlatforms) = postSolution
		{6679078A-C585-4CB6-96E9-908DBDAA2716}.ClientProfiles|Any CPU.ActiveCfg = Mono|Any CPU
		{6679078A-C585-4CB6-96E9-908DBDAA2716}.ClientProfiles|Any CPU.Build.0 = Mono|Any CPU
		{6679078A-C585-4CB6-96E9-908DBDAA2716}.Debug|Any CPU.ActiveCfg = Debug|Any CPU
		{6679078A-C585-4CB6-96E9-908DBDAA2716}.Debug|Any CPU.Build.0 = Debug|Any CPU
		{6679078A-C585-4CB6-96E9-908DBDAA2716}.Mono|Any CPU.ActiveCfg = Mono|Any CPU
		{6679078A-C585-4CB6-96E9-908DBDAA2716}.Mono|Any CPU.Build.0 = Mono|Any CPU
		{6679078A-C585-4CB6-96E9-908DBDAA2716}.Release|Any CPU.ActiveCfg = Release|Any CPU
		{6679078A-C585-4CB6-96E9-908DBDAA2716}.Release|Any CPU.Build.0 = Release|Any CPU
		{E0461346-CB62-489E-9893-CFEA249F8380}.ClientProfiles|Any CPU.ActiveCfg = Mono|Any CPU
		{E0461346-CB62-489E-9893-CFEA249F8380}.ClientProfiles|Any CPU.Build.0 = Mono|Any CPU
		{E0461346-CB62-489E-9893-CFEA249F8380}.Debug|Any CPU.ActiveCfg = Debug|Any CPU
		{E0461346-CB62-489E-9893-CFEA249F8380}.Debug|Any CPU.Build.0 = Debug|Any CPU
		{E0461346-CB62-489E-9893-CFEA249F8380}.Mono|Any CPU.ActiveCfg = Mono|Any CPU
		{E0461346-CB62-489E-9893-CFEA249F8380}.Mono|Any CPU.Build.0 = Mono|Any CPU
		{E0461346-CB62-489E-9893-CFEA249F8380}.Release|Any CPU.ActiveCfg = Release|Any CPU
		{E0461346-CB62-489E-9893-CFEA249F8380}.Release|Any CPU.Build.0 = Release|Any CPU
		{3BB0DC97-ECE3-4AC8-B2D0-E4C14D600179}.ClientProfiles|Any CPU.ActiveCfg = Release|Any CPU
		{3BB0DC97-ECE3-4AC8-B2D0-E4C14D600179}.ClientProfiles|Any CPU.Build.0 = Release|Any CPU
		{3BB0DC97-ECE3-4AC8-B2D0-E4C14D600179}.Debug|Any CPU.ActiveCfg = Debug|Any CPU
		{3BB0DC97-ECE3-4AC8-B2D0-E4C14D600179}.Debug|Any CPU.Build.0 = Debug|Any CPU
		{3BB0DC97-ECE3-4AC8-B2D0-E4C14D600179}.Mono|Any CPU.ActiveCfg = Release|Any CPU
		{3BB0DC97-ECE3-4AC8-B2D0-E4C14D600179}.Mono|Any CPU.Build.0 = Release|Any CPU
		{3BB0DC97-ECE3-4AC8-B2D0-E4C14D600179}.Release|Any CPU.ActiveCfg = Release|Any CPU
		{3BB0DC97-ECE3-4AC8-B2D0-E4C14D600179}.Release|Any CPU.Build.0 = Release|Any CPU
		{2E420750-6124-473B-808D-41755C907648}.ClientProfiles|Any CPU.ActiveCfg = Release|Any CPU
		{2E420750-6124-473B-808D-41755C907648}.ClientProfiles|Any CPU.Build.0 = Release|Any CPU
		{2E420750-6124-473B-808D-41755C907648}.Debug|Any CPU.ActiveCfg = Debug|Any CPU
		{2E420750-6124-473B-808D-41755C907648}.Debug|Any CPU.Build.0 = Debug|Any CPU
		{2E420750-6124-473B-808D-41755C907648}.Mono|Any CPU.ActiveCfg = Release|Any CPU
		{2E420750-6124-473B-808D-41755C907648}.Mono|Any CPU.Build.0 = Release|Any CPU
		{2E420750-6124-473B-808D-41755C907648}.Release|Any CPU.ActiveCfg = Release|Any CPU
		{2E420750-6124-473B-808D-41755C907648}.Release|Any CPU.Build.0 = Release|Any CPU
		{CD569558-9092-466B-8670-EA1B151150E0}.ClientProfiles|Any CPU.ActiveCfg = ClientProfiles|Any CPU
		{CD569558-9092-466B-8670-EA1B151150E0}.ClientProfiles|Any CPU.Build.0 = ClientProfiles|Any CPU
		{CD569558-9092-466B-8670-EA1B151150E0}.Debug|Any CPU.ActiveCfg = Debug|Any CPU
		{CD569558-9092-466B-8670-EA1B151150E0}.Debug|Any CPU.Build.0 = Debug|Any CPU
		{CD569558-9092-466B-8670-EA1B151150E0}.Mono|Any CPU.ActiveCfg = ClientProfiles|Any CPU
		{CD569558-9092-466B-8670-EA1B151150E0}.Mono|Any CPU.Build.0 = ClientProfiles|Any CPU
		{CD569558-9092-466B-8670-EA1B151150E0}.Release|Any CPU.ActiveCfg = Release|Any CPU
		{CD569558-9092-466B-8670-EA1B151150E0}.Release|Any CPU.Build.0 = Release|Any CPU
		{487B7E3C-9689-47BC-8785-73CCD92A3749}.ClientProfiles|Any CPU.ActiveCfg = Release|Any CPU
		{487B7E3C-9689-47BC-8785-73CCD92A3749}.ClientProfiles|Any CPU.Build.0 = Release|Any CPU
		{487B7E3C-9689-47BC-8785-73CCD92A3749}.Debug|Any CPU.ActiveCfg = Debug|Any CPU
		{487B7E3C-9689-47BC-8785-73CCD92A3749}.Debug|Any CPU.Build.0 = Debug|Any CPU
		{487B7E3C-9689-47BC-8785-73CCD92A3749}.Mono|Any CPU.ActiveCfg = Release|Any CPU
		{487B7E3C-9689-47BC-8785-73CCD92A3749}.Mono|Any CPU.Build.0 = Release|Any CPU
		{487B7E3C-9689-47BC-8785-73CCD92A3749}.Release|Any CPU.ActiveCfg = Release|Any CPU
		{487B7E3C-9689-47BC-8785-73CCD92A3749}.Release|Any CPU.Build.0 = Release|Any CPU
		{7465B7B5-3E20-4EA2-8785-BDE71CAFB59D}.ClientProfiles|Any CPU.ActiveCfg = ClientProfiles|Any CPU
		{7465B7B5-3E20-4EA2-8785-BDE71CAFB59D}.ClientProfiles|Any CPU.Build.0 = ClientProfiles|Any CPU
		{7465B7B5-3E20-4EA2-8785-BDE71CAFB59D}.Debug|Any CPU.ActiveCfg = Debug|Any CPU
		{7465B7B5-3E20-4EA2-8785-BDE71CAFB59D}.Debug|Any CPU.Build.0 = Debug|Any CPU
		{7465B7B5-3E20-4EA2-8785-BDE71CAFB59D}.Mono|Any CPU.ActiveCfg = ClientProfiles|Any CPU
		{7465B7B5-3E20-4EA2-8785-BDE71CAFB59D}.Mono|Any CPU.Build.0 = ClientProfiles|Any CPU
		{7465B7B5-3E20-4EA2-8785-BDE71CAFB59D}.Release|Any CPU.ActiveCfg = Release|Any CPU
		{7465B7B5-3E20-4EA2-8785-BDE71CAFB59D}.Release|Any CPU.Build.0 = Release|Any CPU
		{46AFFE9E-B0DF-4DE9-A1A3-1773E08DCB51}.ClientProfiles|Any CPU.ActiveCfg = ClientProfiles|Any CPU
		{46AFFE9E-B0DF-4DE9-A1A3-1773E08DCB51}.ClientProfiles|Any CPU.Build.0 = ClientProfiles|Any CPU
		{46AFFE9E-B0DF-4DE9-A1A3-1773E08DCB51}.Debug|Any CPU.ActiveCfg = Debug|Any CPU
		{46AFFE9E-B0DF-4DE9-A1A3-1773E08DCB51}.Debug|Any CPU.Build.0 = Debug|Any CPU
		{46AFFE9E-B0DF-4DE9-A1A3-1773E08DCB51}.Mono|Any CPU.ActiveCfg = ClientProfiles|Any CPU
		{46AFFE9E-B0DF-4DE9-A1A3-1773E08DCB51}.Mono|Any CPU.Build.0 = ClientProfiles|Any CPU
		{46AFFE9E-B0DF-4DE9-A1A3-1773E08DCB51}.Release|Any CPU.ActiveCfg = Release|Any CPU
		{46AFFE9E-B0DF-4DE9-A1A3-1773E08DCB51}.Release|Any CPU.Build.0 = Release|Any CPU
		{5953279F-F478-4D5F-9906-03D56CE2DA2D}.ClientProfiles|Any CPU.ActiveCfg = Release|Any CPU
		{5953279F-F478-4D5F-9906-03D56CE2DA2D}.ClientProfiles|Any CPU.Build.0 = Release|Any CPU
		{5953279F-F478-4D5F-9906-03D56CE2DA2D}.Debug|Any CPU.ActiveCfg = Debug|Any CPU
		{5953279F-F478-4D5F-9906-03D56CE2DA2D}.Debug|Any CPU.Build.0 = Debug|Any CPU
		{5953279F-F478-4D5F-9906-03D56CE2DA2D}.Mono|Any CPU.ActiveCfg = Release|Any CPU
		{5953279F-F478-4D5F-9906-03D56CE2DA2D}.Mono|Any CPU.Build.0 = Release|Any CPU
		{5953279F-F478-4D5F-9906-03D56CE2DA2D}.Release|Any CPU.ActiveCfg = Release|Any CPU
		{5953279F-F478-4D5F-9906-03D56CE2DA2D}.Release|Any CPU.Build.0 = Release|Any CPU
		{3808F0EB-14CF-4919-87F3-97FB9D225A80}.ClientProfiles|Any CPU.ActiveCfg = Release|Any CPU
		{3808F0EB-14CF-4919-87F3-97FB9D225A80}.ClientProfiles|Any CPU.Build.0 = Release|Any CPU
		{3808F0EB-14CF-4919-87F3-97FB9D225A80}.Debug|Any CPU.ActiveCfg = Debug|Any CPU
		{3808F0EB-14CF-4919-87F3-97FB9D225A80}.Debug|Any CPU.Build.0 = Debug|Any CPU
		{3808F0EB-14CF-4919-87F3-97FB9D225A80}.Mono|Any CPU.ActiveCfg = Release|Any CPU
		{3808F0EB-14CF-4919-87F3-97FB9D225A80}.Mono|Any CPU.Build.0 = Release|Any CPU
		{3808F0EB-14CF-4919-87F3-97FB9D225A80}.Release|Any CPU.ActiveCfg = Release|Any CPU
		{3808F0EB-14CF-4919-87F3-97FB9D225A80}.Release|Any CPU.Build.0 = Release|Any CPU
		{B96C231F-B8CA-4426-AC65-19D2826CC965}.ClientProfiles|Any CPU.ActiveCfg = Release|Any CPU
		{B96C231F-B8CA-4426-AC65-19D2826CC965}.ClientProfiles|Any CPU.Build.0 = Release|Any CPU
		{B96C231F-B8CA-4426-AC65-19D2826CC965}.Debug|Any CPU.ActiveCfg = Debug|Any CPU
		{B96C231F-B8CA-4426-AC65-19D2826CC965}.Debug|Any CPU.Build.0 = Debug|Any CPU
		{B96C231F-B8CA-4426-AC65-19D2826CC965}.Mono|Any CPU.ActiveCfg = Release|Any CPU
		{B96C231F-B8CA-4426-AC65-19D2826CC965}.Mono|Any CPU.Build.0 = Release|Any CPU
		{B96C231F-B8CA-4426-AC65-19D2826CC965}.Release|Any CPU.ActiveCfg = Release|Any CPU
		{B96C231F-B8CA-4426-AC65-19D2826CC965}.Release|Any CPU.Build.0 = Release|Any CPU
		{960E427F-67E0-42A5-86ED-FC6A342CDCB2}.ClientProfiles|Any CPU.ActiveCfg = Mono|Any CPU
		{960E427F-67E0-42A5-86ED-FC6A342CDCB2}.ClientProfiles|Any CPU.Build.0 = Mono|Any CPU
		{960E427F-67E0-42A5-86ED-FC6A342CDCB2}.Debug|Any CPU.ActiveCfg = Debug|Any CPU
		{960E427F-67E0-42A5-86ED-FC6A342CDCB2}.Debug|Any CPU.Build.0 = Debug|Any CPU
		{960E427F-67E0-42A5-86ED-FC6A342CDCB2}.Mono|Any CPU.ActiveCfg = Mono|Any CPU
		{960E427F-67E0-42A5-86ED-FC6A342CDCB2}.Mono|Any CPU.Build.0 = Mono|Any CPU
		{960E427F-67E0-42A5-86ED-FC6A342CDCB2}.Release|Any CPU.ActiveCfg = Release|Any CPU
		{960E427F-67E0-42A5-86ED-FC6A342CDCB2}.Release|Any CPU.Build.0 = Release|Any CPU
		{F9695086-8EF6-43E3-AC5F-275FE918FA3A}.ClientProfiles|Any CPU.ActiveCfg = ClientProfiles|Any CPU
		{F9695086-8EF6-43E3-AC5F-275FE918FA3A}.ClientProfiles|Any CPU.Build.0 = ClientProfiles|Any CPU
		{F9695086-8EF6-43E3-AC5F-275FE918FA3A}.Debug|Any CPU.ActiveCfg = Debug|Any CPU
		{F9695086-8EF6-43E3-AC5F-275FE918FA3A}.Debug|Any CPU.Build.0 = Debug|Any CPU
		{F9695086-8EF6-43E3-AC5F-275FE918FA3A}.Mono|Any CPU.ActiveCfg = ClientProfiles|Any CPU
		{F9695086-8EF6-43E3-AC5F-275FE918FA3A}.Mono|Any CPU.Build.0 = ClientProfiles|Any CPU
		{F9695086-8EF6-43E3-AC5F-275FE918FA3A}.Release|Any CPU.ActiveCfg = Release|Any CPU
		{F9695086-8EF6-43E3-AC5F-275FE918FA3A}.Release|Any CPU.Build.0 = Release|Any CPU
		{3059FD1C-4B4B-4460-A0D4-53C84CCE6CAC}.ClientProfiles|Any CPU.ActiveCfg = ClientProfiles|Any CPU
		{3059FD1C-4B4B-4460-A0D4-53C84CCE6CAC}.ClientProfiles|Any CPU.Build.0 = ClientProfiles|Any CPU
		{3059FD1C-4B4B-4460-A0D4-53C84CCE6CAC}.Debug|Any CPU.ActiveCfg = Debug|Any CPU
		{3059FD1C-4B4B-4460-A0D4-53C84CCE6CAC}.Debug|Any CPU.Build.0 = Debug|Any CPU
		{3059FD1C-4B4B-4460-A0D4-53C84CCE6CAC}.Mono|Any CPU.ActiveCfg = ClientProfiles|Any CPU
		{3059FD1C-4B4B-4460-A0D4-53C84CCE6CAC}.Mono|Any CPU.Build.0 = ClientProfiles|Any CPU
		{3059FD1C-4B4B-4460-A0D4-53C84CCE6CAC}.Release|Any CPU.ActiveCfg = Release|Any CPU
		{3059FD1C-4B4B-4460-A0D4-53C84CCE6CAC}.Release|Any CPU.Build.0 = Release|Any CPU
		{BF04A546-D681-4F5A-AC41-CFC67CAEC66E}.ClientProfiles|Any CPU.ActiveCfg = Release|Any CPU
		{BF04A546-D681-4F5A-AC41-CFC67CAEC66E}.ClientProfiles|Any CPU.Build.0 = Release|Any CPU
		{BF04A546-D681-4F5A-AC41-CFC67CAEC66E}.Debug|Any CPU.ActiveCfg = Debug|Any CPU
		{BF04A546-D681-4F5A-AC41-CFC67CAEC66E}.Debug|Any CPU.Build.0 = Debug|Any CPU
		{BF04A546-D681-4F5A-AC41-CFC67CAEC66E}.Mono|Any CPU.ActiveCfg = Release|Any CPU
		{BF04A546-D681-4F5A-AC41-CFC67CAEC66E}.Mono|Any CPU.Build.0 = Release|Any CPU
		{BF04A546-D681-4F5A-AC41-CFC67CAEC66E}.Release|Any CPU.ActiveCfg = Release|Any CPU
		{BF04A546-D681-4F5A-AC41-CFC67CAEC66E}.Release|Any CPU.Build.0 = Release|Any CPU
		{73015806-7BE4-4BAB-AA07-ACC719EFE85A}.ClientProfiles|Any CPU.ActiveCfg = Release|Any CPU
		{73015806-7BE4-4BAB-AA07-ACC719EFE85A}.ClientProfiles|Any CPU.Build.0 = Release|Any CPU
		{73015806-7BE4-4BAB-AA07-ACC719EFE85A}.Debug|Any CPU.ActiveCfg = Debug|Any CPU
		{73015806-7BE4-4BAB-AA07-ACC719EFE85A}.Debug|Any CPU.Build.0 = Debug|Any CPU
		{73015806-7BE4-4BAB-AA07-ACC719EFE85A}.Mono|Any CPU.ActiveCfg = Release|Any CPU
		{73015806-7BE4-4BAB-AA07-ACC719EFE85A}.Mono|Any CPU.Build.0 = Release|Any CPU
		{73015806-7BE4-4BAB-AA07-ACC719EFE85A}.Release|Any CPU.ActiveCfg = Release|Any CPU
		{73015806-7BE4-4BAB-AA07-ACC719EFE85A}.Release|Any CPU.Build.0 = Release|Any CPU
		{80647B8C-E162-4E34-A758-590280F11B97}.ClientProfiles|Any CPU.ActiveCfg = Release|Any CPU
		{80647B8C-E162-4E34-A758-590280F11B97}.ClientProfiles|Any CPU.Build.0 = Release|Any CPU
		{80647B8C-E162-4E34-A758-590280F11B97}.Debug|Any CPU.ActiveCfg = Debug|Any CPU
		{80647B8C-E162-4E34-A758-590280F11B97}.Debug|Any CPU.Build.0 = Debug|Any CPU
		{80647B8C-E162-4E34-A758-590280F11B97}.Mono|Any CPU.ActiveCfg = Release|Any CPU
		{80647B8C-E162-4E34-A758-590280F11B97}.Mono|Any CPU.Build.0 = Release|Any CPU
		{80647B8C-E162-4E34-A758-590280F11B97}.Release|Any CPU.ActiveCfg = Release|Any CPU
		{80647B8C-E162-4E34-A758-590280F11B97}.Release|Any CPU.Build.0 = Release|Any CPU
		{87A3613D-924C-4262-8038-261F9AD91863}.ClientProfiles|Any CPU.ActiveCfg = Release|Any CPU
		{87A3613D-924C-4262-8038-261F9AD91863}.ClientProfiles|Any CPU.Build.0 = Release|Any CPU
		{87A3613D-924C-4262-8038-261F9AD91863}.ClientProfiles|Any CPU.Deploy.0 = Release|Any CPU
		{87A3613D-924C-4262-8038-261F9AD91863}.Debug|Any CPU.ActiveCfg = Debug|Any CPU
		{87A3613D-924C-4262-8038-261F9AD91863}.Debug|Any CPU.Build.0 = Debug|Any CPU
		{87A3613D-924C-4262-8038-261F9AD91863}.Debug|Any CPU.Deploy.0 = Debug|Any CPU
		{87A3613D-924C-4262-8038-261F9AD91863}.Mono|Any CPU.ActiveCfg = Release|Any CPU
		{87A3613D-924C-4262-8038-261F9AD91863}.Mono|Any CPU.Build.0 = Release|Any CPU
		{87A3613D-924C-4262-8038-261F9AD91863}.Mono|Any CPU.Deploy.0 = Release|Any CPU
		{87A3613D-924C-4262-8038-261F9AD91863}.Release|Any CPU.ActiveCfg = Release|Any CPU
		{87A3613D-924C-4262-8038-261F9AD91863}.Release|Any CPU.Build.0 = Release|Any CPU
		{87A3613D-924C-4262-8038-261F9AD91863}.Release|Any CPU.Deploy.0 = Release|Any CPU
		{D75610E8-9074-4073-AECD-EF5FCE97E428}.ClientProfiles|Any CPU.ActiveCfg = Release|Any CPU
		{D75610E8-9074-4073-AECD-EF5FCE97E428}.ClientProfiles|Any CPU.Build.0 = Release|Any CPU
		{D75610E8-9074-4073-AECD-EF5FCE97E428}.Debug|Any CPU.ActiveCfg = Debug|Any CPU
		{D75610E8-9074-4073-AECD-EF5FCE97E428}.Debug|Any CPU.Build.0 = Debug|Any CPU
		{D75610E8-9074-4073-AECD-EF5FCE97E428}.Mono|Any CPU.ActiveCfg = Release|Any CPU
		{D75610E8-9074-4073-AECD-EF5FCE97E428}.Mono|Any CPU.Build.0 = Release|Any CPU
		{D75610E8-9074-4073-AECD-EF5FCE97E428}.Release|Any CPU.ActiveCfg = Release|Any CPU
		{D75610E8-9074-4073-AECD-EF5FCE97E428}.Release|Any CPU.Build.0 = Release|Any CPU
		{50851227-5502-4F59-B821-8F474E81A2B1}.ClientProfiles|Any CPU.ActiveCfg = Release|Any CPU
		{50851227-5502-4F59-B821-8F474E81A2B1}.ClientProfiles|Any CPU.Build.0 = Release|Any CPU
		{50851227-5502-4F59-B821-8F474E81A2B1}.Debug|Any CPU.ActiveCfg = Debug|Any CPU
		{50851227-5502-4F59-B821-8F474E81A2B1}.Debug|Any CPU.Build.0 = Debug|Any CPU
		{50851227-5502-4F59-B821-8F474E81A2B1}.Mono|Any CPU.ActiveCfg = Release|Any CPU
		{50851227-5502-4F59-B821-8F474E81A2B1}.Mono|Any CPU.Build.0 = Release|Any CPU
		{50851227-5502-4F59-B821-8F474E81A2B1}.Release|Any CPU.ActiveCfg = Release|Any CPU
		{50851227-5502-4F59-B821-8F474E81A2B1}.Release|Any CPU.Build.0 = Release|Any CPU
	EndGlobalSection
	GlobalSection(SolutionProperties) = preSolution
		HideSolutionNode = FALSE
	EndGlobalSection
	GlobalSection(NestedProjects) = preSolution
		{6679078A-C585-4CB6-96E9-908DBDAA2716} = {0F12EB19-73E5-4F38-BEF2-070C625508B7}
		{E0461346-CB62-489E-9893-CFEA249F8380} = {0F12EB19-73E5-4F38-BEF2-070C625508B7}
		{3BB0DC97-ECE3-4AC8-B2D0-E4C14D600179} = {0F12EB19-73E5-4F38-BEF2-070C625508B7}
		{0D6CBA8E-3846-4559-AA4E-AEE3373A03CB} = {0F12EB19-73E5-4F38-BEF2-070C625508B7}
		{265F976E-7BAE-408A-82EE-1E692F5662DF} = {0F12EB19-73E5-4F38-BEF2-070C625508B7}
		{73015806-7BE4-4BAB-AA07-ACC719EFE85A} = {0F12EB19-73E5-4F38-BEF2-070C625508B7}
		{2E420750-6124-473B-808D-41755C907648} = {0D6CBA8E-3846-4559-AA4E-AEE3373A03CB}
		{3808F0EB-14CF-4919-87F3-97FB9D225A80} = {0D6CBA8E-3846-4559-AA4E-AEE3373A03CB}
		{CD569558-9092-466B-8670-EA1B151150E0} = {3FB92FF7-A9F8-4F15-864B-69E7EBC3E16B}
		{487B7E3C-9689-47BC-8785-73CCD92A3749} = {3FB92FF7-A9F8-4F15-864B-69E7EBC3E16B}
		{7465B7B5-3E20-4EA2-8785-BDE71CAFB59D} = {3FB92FF7-A9F8-4F15-864B-69E7EBC3E16B}
		{46AFFE9E-B0DF-4DE9-A1A3-1773E08DCB51} = {3FB92FF7-A9F8-4F15-864B-69E7EBC3E16B}
		{7090D3D7-90C3-4EB1-BB62-716046673F29} = {3FB92FF7-A9F8-4F15-864B-69E7EBC3E16B}
		{DBEBA14C-000D-464E-8CC8-CF44CAE866F4} = {3FB92FF7-A9F8-4F15-864B-69E7EBC3E16B}
		{3059FD1C-4B4B-4460-A0D4-53C84CCE6CAC} = {3FB92FF7-A9F8-4F15-864B-69E7EBC3E16B}
		{87A3613D-924C-4262-8038-261F9AD91863} = {3FB92FF7-A9F8-4F15-864B-69E7EBC3E16B}
		{5953279F-F478-4D5F-9906-03D56CE2DA2D} = {7090D3D7-90C3-4EB1-BB62-716046673F29}
		{B96C231F-B8CA-4426-AC65-19D2826CC965} = {7090D3D7-90C3-4EB1-BB62-716046673F29}
		{BF04A546-D681-4F5A-AC41-CFC67CAEC66E} = {7090D3D7-90C3-4EB1-BB62-716046673F29}
		{960E427F-67E0-42A5-86ED-FC6A342CDCB2} = {265F976E-7BAE-408A-82EE-1E692F5662DF}
		{F9695086-8EF6-43E3-AC5F-275FE918FA3A} = {DBEBA14C-000D-464E-8CC8-CF44CAE866F4}
		{80647B8C-E162-4E34-A758-590280F11B97} = {6052AEDE-F8B1-4E24-B791-DBB7FF9621D3}
		{6052AEDE-F8B1-4E24-B791-DBB7FF9621D3} = {A08E9715-A3CE-41E1-AACF-37B4961DB700}
		{0F12EB19-73E5-4F38-BEF2-070C625508B7} = {A08E9715-A3CE-41E1-AACF-37B4961DB700}
		{3FB92FF7-A9F8-4F15-864B-69E7EBC3E16B} = {A08E9715-A3CE-41E1-AACF-37B4961DB700}
		{D75610E8-9074-4073-AECD-EF5FCE97E428} = {61197CB4-50C4-4D41-AB80-B0C27767C29E}
		{50851227-5502-4F59-B821-8F474E81A2B1} = {61197CB4-50C4-4D41-AB80-B0C27767C29E}
	EndGlobalSection
EndGlobal
