
Microsoft Visual Studio Solution File, Format Version 11.00
# Visual Studio 2010
Project("{2150E333-8FDC-42A3-9474-1A3956D46DE8}") = "Client", "Client", "{AB374943-9D9F-461E-BD02-6F2B0E0FC00C}"
EndProject
Project("{FAE04EC0-301F-11D3-BF4B-00C04F79EFBC}") = "Hammock.Mono.Tests", "..\Hammock.Mono.Tests\Hammock.Mono.Tests.csproj", "{E7B431C8-930C-4E37-84B6-F8C1D67339FF}"
EndProject
Project("{FAE04EC0-301F-11D3-BF4B-00C04F79EFBC}") = "Hammock.Mono", "Hammock.Mono.csproj", "{C8371692-DA90-4437-BCB7-A5A2EF37B095}"
EndProject
Project("{FAE04EC0-301F-11D3-BF4B-00C04F79EFBC}") = "Hammock.MonoTouch", "..\Hammock.MonoTouch\Hammock.MonoTouch.csproj", "{BB4BA4FD-691F-4E5B-B27D-1E9EC80072AB}"
EndProject
Project("{FAE04EC0-301F-11D3-BF4B-00C04F79EFBC}") = "Hammock.MonoDroid", "..\Hammock.MonoDroid\Hammock.MonoDroid.csproj", "{675D5D4A-5FE3-4316-9095-1EF219724878}"
EndProject
Project("{2150E333-8FDC-42A3-9474-1A3956D46DE8}") = "Server", "Server", "{358076AA-349D-424A-B474-C2C9CB7FED68}"
EndProject
Project("{FAE04EC0-301F-11D3-BF4B-00C04F79EFBC}") = "Hammock.Server.Mono", "Hammock.Server.Mono\Hammock.Server.Mono.csproj", "{E7509C55-E21B-4BA3-9ED8-9C96AC620193}"
EndProject
Project("{FAE04EC0-301F-11D3-BF4B-00C04F79EFBC}") = "Hammock.Server.Mono.Tests", "..\Hammock.Server.Mono.Tests\Hammock.Server.Mono.Tests.csproj", "{301D1B85-9164-42E4-80CC-9CFD65470A03}"
EndProject
Global
	GlobalSection(SolutionConfigurationPlatforms) = preSolution
		Debug|Any CPU = Debug|Any CPU
		Release|Any CPU = Release|Any CPU
		Debug|iPhoneSimulator = Debug|iPhoneSimulator
		Release|iPhoneSimulator = Release|iPhoneSimulator
		Debug|iPhone = Debug|iPhone
		Release|iPhone = Release|iPhone
	EndGlobalSection
	GlobalSection(ProjectConfigurationPlatforms) = postSolution
		{301D1B85-9164-42E4-80CC-9CFD65470A03}.Debug|Any CPU.ActiveCfg = Debug|Any CPU
		{301D1B85-9164-42E4-80CC-9CFD65470A03}.Debug|Any CPU.Build.0 = Debug|Any CPU
		{301D1B85-9164-42E4-80CC-9CFD65470A03}.Debug|iPhone.ActiveCfg = Debug|Any CPU
		{301D1B85-9164-42E4-80CC-9CFD65470A03}.Debug|iPhone.Build.0 = Debug|Any CPU
		{301D1B85-9164-42E4-80CC-9CFD65470A03}.Debug|iPhoneSimulator.ActiveCfg = Debug|Any CPU
		{301D1B85-9164-42E4-80CC-9CFD65470A03}.Debug|iPhoneSimulator.Build.0 = Debug|Any CPU
		{301D1B85-9164-42E4-80CC-9CFD65470A03}.Release|Any CPU.ActiveCfg = Release|Any CPU
		{301D1B85-9164-42E4-80CC-9CFD65470A03}.Release|Any CPU.Build.0 = Release|Any CPU
		{301D1B85-9164-42E4-80CC-9CFD65470A03}.Release|iPhone.ActiveCfg = Release|Any CPU
		{301D1B85-9164-42E4-80CC-9CFD65470A03}.Release|iPhone.Build.0 = Release|Any CPU
		{301D1B85-9164-42E4-80CC-9CFD65470A03}.Release|iPhoneSimulator.ActiveCfg = Release|Any CPU
		{301D1B85-9164-42E4-80CC-9CFD65470A03}.Release|iPhoneSimulator.Build.0 = Release|Any CPU
		{675D5D4A-5FE3-4316-9095-1EF219724878}.Debug|Any CPU.ActiveCfg = Debug|Any CPU
		{675D5D4A-5FE3-4316-9095-1EF219724878}.Debug|Any CPU.Build.0 = Debug|Any CPU
		{675D5D4A-5FE3-4316-9095-1EF219724878}.Debug|iPhone.ActiveCfg = Debug|Any CPU
		{675D5D4A-5FE3-4316-9095-1EF219724878}.Debug|iPhone.Build.0 = Debug|Any CPU
		{675D5D4A-5FE3-4316-9095-1EF219724878}.Debug|iPhoneSimulator.ActiveCfg = Debug|Any CPU
		{675D5D4A-5FE3-4316-9095-1EF219724878}.Debug|iPhoneSimulator.Build.0 = Debug|Any CPU
		{675D5D4A-5FE3-4316-9095-1EF219724878}.Release|Any CPU.ActiveCfg = Release|Any CPU
		{675D5D4A-5FE3-4316-9095-1EF219724878}.Release|Any CPU.Build.0 = Release|Any CPU
		{675D5D4A-5FE3-4316-9095-1EF219724878}.Release|iPhone.ActiveCfg = Release|Any CPU
		{675D5D4A-5FE3-4316-9095-1EF219724878}.Release|iPhone.Build.0 = Release|Any CPU
		{675D5D4A-5FE3-4316-9095-1EF219724878}.Release|iPhoneSimulator.ActiveCfg = Release|Any CPU
		{675D5D4A-5FE3-4316-9095-1EF219724878}.Release|iPhoneSimulator.Build.0 = Release|Any CPU
		{BB4BA4FD-691F-4E5B-B27D-1E9EC80072AB}.Debug|Any CPU.ActiveCfg = Debug|iPhoneSimulator
		{BB4BA4FD-691F-4E5B-B27D-1E9EC80072AB}.Debug|Any CPU.Build.0 = Debug|iPhoneSimulator
		{BB4BA4FD-691F-4E5B-B27D-1E9EC80072AB}.Debug|iPhone.ActiveCfg = Debug|iPhone
		{BB4BA4FD-691F-4E5B-B27D-1E9EC80072AB}.Debug|iPhone.Build.0 = Debug|iPhone
		{BB4BA4FD-691F-4E5B-B27D-1E9EC80072AB}.Debug|iPhoneSimulator.ActiveCfg = Debug|iPhoneSimulator
		{BB4BA4FD-691F-4E5B-B27D-1E9EC80072AB}.Debug|iPhoneSimulator.Build.0 = Debug|iPhoneSimulator
		{BB4BA4FD-691F-4E5B-B27D-1E9EC80072AB}.Release|Any CPU.ActiveCfg = Release|iPhoneSimulator
		{BB4BA4FD-691F-4E5B-B27D-1E9EC80072AB}.Release|Any CPU.Build.0 = Release|iPhoneSimulator
		{BB4BA4FD-691F-4E5B-B27D-1E9EC80072AB}.Release|iPhone.ActiveCfg = Release|iPhone
		{BB4BA4FD-691F-4E5B-B27D-1E9EC80072AB}.Release|iPhone.Build.0 = Release|iPhone
		{BB4BA4FD-691F-4E5B-B27D-1E9EC80072AB}.Release|iPhoneSimulator.ActiveCfg = Release|iPhoneSimulator
		{BB4BA4FD-691F-4E5B-B27D-1E9EC80072AB}.Release|iPhoneSimulator.Build.0 = Release|iPhoneSimulator
		{C8371692-DA90-4437-BCB7-A5A2EF37B095}.Debug|Any CPU.ActiveCfg = Debug|Any CPU
		{C8371692-DA90-4437-BCB7-A5A2EF37B095}.Debug|Any CPU.Build.0 = Debug|Any CPU
		{C8371692-DA90-4437-BCB7-A5A2EF37B095}.Release|Any CPU.ActiveCfg = Release|Any CPU
		{C8371692-DA90-4437-BCB7-A5A2EF37B095}.Release|Any CPU.Build.0 = Release|Any CPU
		{E7509C55-E21B-4BA3-9ED8-9C96AC620193}.Debug|Any CPU.ActiveCfg = Debug|Any CPU
		{E7509C55-E21B-4BA3-9ED8-9C96AC620193}.Debug|Any CPU.Build.0 = Debug|Any CPU
		{E7509C55-E21B-4BA3-9ED8-9C96AC620193}.Debug|iPhone.ActiveCfg = Debug|Any CPU
		{E7509C55-E21B-4BA3-9ED8-9C96AC620193}.Debug|iPhone.Build.0 = Debug|Any CPU
		{E7509C55-E21B-4BA3-9ED8-9C96AC620193}.Debug|iPhoneSimulator.ActiveCfg = Debug|Any CPU
		{E7509C55-E21B-4BA3-9ED8-9C96AC620193}.Debug|iPhoneSimulator.Build.0 = Debug|Any CPU
		{E7509C55-E21B-4BA3-9ED8-9C96AC620193}.Release|Any CPU.ActiveCfg = Release|Any CPU
		{E7509C55-E21B-4BA3-9ED8-9C96AC620193}.Release|Any CPU.Build.0 = Release|Any CPU
		{E7509C55-E21B-4BA3-9ED8-9C96AC620193}.Release|iPhone.ActiveCfg = Release|Any CPU
		{E7509C55-E21B-4BA3-9ED8-9C96AC620193}.Release|iPhone.Build.0 = Release|Any CPU
		{E7509C55-E21B-4BA3-9ED8-9C96AC620193}.Release|iPhoneSimulator.ActiveCfg = Release|Any CPU
		{E7509C55-E21B-4BA3-9ED8-9C96AC620193}.Release|iPhoneSimulator.Build.0 = Release|Any CPU
		{E7B431C8-930C-4E37-84B6-F8C1D67339FF}.Debug|Any CPU.ActiveCfg = Debug|Any CPU
		{E7B431C8-930C-4E37-84B6-F8C1D67339FF}.Debug|Any CPU.Build.0 = Debug|Any CPU
		{E7B431C8-930C-4E37-84B6-F8C1D67339FF}.Release|Any CPU.ActiveCfg = Release|Any CPU
		{E7B431C8-930C-4E37-84B6-F8C1D67339FF}.Release|Any CPU.Build.0 = Release|Any CPU
	EndGlobalSection
	GlobalSection(NestedProjects) = preSolution
		{E7B431C8-930C-4E37-84B6-F8C1D67339FF} = {AB374943-9D9F-461E-BD02-6F2B0E0FC00C}
		{C8371692-DA90-4437-BCB7-A5A2EF37B095} = {AB374943-9D9F-461E-BD02-6F2B0E0FC00C}
		{BB4BA4FD-691F-4E5B-B27D-1E9EC80072AB} = {AB374943-9D9F-461E-BD02-6F2B0E0FC00C}
		{675D5D4A-5FE3-4316-9095-1EF219724878} = {AB374943-9D9F-461E-BD02-6F2B0E0FC00C}
		{E7509C55-E21B-4BA3-9ED8-9C96AC620193} = {358076AA-349D-424A-B474-C2C9CB7FED68}
		{301D1B85-9164-42E4-80CC-9CFD65470A03} = {358076AA-349D-424A-B474-C2C9CB7FED68}
	EndGlobalSection
	GlobalSection(MonoDevelopProperties) = preSolution
		StartupItem = Hammock.Mono.csproj
		Policies = $0
		$0.DotNetNamingPolicy = $1
		$1.DirectoryNamespaceAssociation = None
		$1.ResourceNamePolicy = FileFormatDefault
		$0.StandardHeader = $2
		$2.Text = 
		$2.inheritsSet = Apache2License
		$0.VersionControlPolicy = $3
		$3.inheritsSet = Mono
		$0.ChangeLogPolicy = $4
		$4.UpdateMode = None
		$4.MessageStyle = $5
		$5.LineAlign = 0
		$4.inheritsSet = Mono
		outputpath = ..\..\bin\mono
	EndGlobalSection
EndGlobal
