
Microsoft Visual Studio Solution File, Format Version 10.00
# Visual Studio 2008
Project("{FAE04EC0-301F-11D3-BF4B-00C04F79EFBC}") = "Hammock.Mono", "Hammock.Mono.csproj", "{C8371692-DA90-4437-BCB7-A5A2EF37B095}"
EndProject
Project("{FAE04EC0-301F-11D3-BF4B-00C04F79EFBC}") = "Hammock.Mono.Tests", "..\Hammock.Mono.Tests\Hammock.Mono.Tests.csproj", "{E7B431C8-930C-4E37-84B6-F8C1D67339FF}"
EndProject
Project("{FAE04EC0-301F-11D3-BF4B-00C04F79EFBC}") = "Hammock.MonoTouch", "..\Hammock.MonoTouch\Hammock.MonoTouch.csproj", "{BB4BA4FD-691F-4E5B-B27D-1E9EC80072AB}"
EndProject
Global
	GlobalSection(SolutionConfigurationPlatforms) = preSolution
		Debug|Any CPU = Debug|Any CPU
		Release|Any CPU = Release|Any CPU
		Debug|iPhoneSimulator = Debug|iPhoneSimulator
		Release|iPhoneSimulator = Release|iPhoneSimulator
		Debug|iPhone = Debug|iPhone
		Release|iPhone = Release|iPhone
	EndGlobalSection
	GlobalSection(ProjectConfigurationPlatforms) = postSolution
		{BB4BA4FD-691F-4E5B-B27D-1E9EC80072AB}.Debug|Any CPU.ActiveCfg = Debug|iPhoneSimulator
		{BB4BA4FD-691F-4E5B-B27D-1E9EC80072AB}.Debug|Any CPU.Build.0 = Debug|iPhoneSimulator
		{BB4BA4FD-691F-4E5B-B27D-1E9EC80072AB}.Debug|iPhone.ActiveCfg = Debug|iPhone
		{BB4BA4FD-691F-4E5B-B27D-1E9EC80072AB}.Debug|iPhone.Build.0 = Debug|iPhone
		{BB4BA4FD-691F-4E5B-B27D-1E9EC80072AB}.Debug|iPhoneSimulator.ActiveCfg = Debug|iPhoneSimulator
		{BB4BA4FD-691F-4E5B-B27D-1E9EC80072AB}.Debug|iPhoneSimulator.Build.0 = Debug|iPhoneSimulator
		{BB4BA4FD-691F-4E5B-B27D-1E9EC80072AB}.Release|Any CPU.ActiveCfg = Release|iPhoneSimulator
		{BB4BA4FD-691F-4E5B-B27D-1E9EC80072AB}.Release|Any CPU.Build.0 = Release|iPhoneSimulator
		{BB4BA4FD-691F-4E5B-B27D-1E9EC80072AB}.Release|iPhone.ActiveCfg = Release|iPhone
		{BB4BA4FD-691F-4E5B-B27D-1E9EC80072AB}.Release|iPhone.Build.0 = Release|iPhone
		{BB4BA4FD-691F-4E5B-B27D-1E9EC80072AB}.Release|iPhoneSimulator.ActiveCfg = Release|iPhoneSimulator
		{BB4BA4FD-691F-4E5B-B27D-1E9EC80072AB}.Release|iPhoneSimulator.Build.0 = Release|iPhoneSimulator
		{C8371692-DA90-4437-BCB7-A5A2EF37B095}.Debug|Any CPU.ActiveCfg = Debug|Any CPU
		{C8371692-DA90-4437-BCB7-A5A2EF37B095}.Debug|Any CPU.Build.0 = Debug|Any CPU
		{C8371692-DA90-4437-BCB7-A5A2EF37B095}.Release|Any CPU.ActiveCfg = Release|Any CPU
		{C8371692-DA90-4437-BCB7-A5A2EF37B095}.Release|Any CPU.Build.0 = Release|Any CPU
		{E7B431C8-930C-4E37-84B6-F8C1D67339FF}.Debug|Any CPU.ActiveCfg = Debug|Any CPU
		{E7B431C8-930C-4E37-84B6-F8C1D67339FF}.Debug|Any CPU.Build.0 = Debug|Any CPU
		{E7B431C8-930C-4E37-84B6-F8C1D67339FF}.Release|Any CPU.ActiveCfg = Release|Any CPU
		{E7B431C8-930C-4E37-84B6-F8C1D67339FF}.Release|Any CPU.Build.0 = Release|Any CPU
	EndGlobalSection
	GlobalSection(MonoDevelopProperties) = preSolution
		StartupItem = Hammock.Mono.csproj
		Policies = $0
		$0.DotNetNamingPolicy = $1
		$1.DirectoryNamespaceAssociation = None
		$1.ResourceNamePolicy = FileFormatDefault
		$0.StandardHeader = $2
		$2.Text = 
		$2.inheritsSet = Apache2License
		$0.VersionControlPolicy = $3
		$3.inheritsSet = Mono
		$0.ChangeLogPolicy = $4
		$4.UpdateMode = None
		$4.MessageStyle = $5
		$5.LineAlign = 0
		$4.inheritsSet = Mono
		outputpath = ..\..\bin\mono
	EndGlobalSection
EndGlobal
